{
  "name": "aoc_2017",
  "lockfileVersion": 2,
  "requires": true,
  "packages": {
    "": {
      "dependencies": {
        "ramda": "^0.28.0",
        "ramda-adjunct": "^3.2.0"
      }
    },
    "node_modules/ramda": {
      "version": "0.28.0",
      "resolved": "https://registry.npmjs.org/ramda/-/ramda-0.28.0.tgz",
      "integrity": "sha512-9QnLuG/kPVgWvMQ4aODhsBUFKOUmnbUnsSXACv+NCQZcHbeb+v8Lodp8OVxtRULN1/xOyYLLaL6npE6dMq5QTA==",
      "funding": {
        "type": "opencollective",
        "url": "https://opencollective.com/ramda"
      }
    },
    "node_modules/ramda-adjunct": {
      "version": "3.2.0",
      "resolved": "https://registry.npmjs.org/ramda-adjunct/-/ramda-adjunct-3.2.0.tgz",
      "integrity": "sha512-lfpDz3VX5vS5YE1pgLYHOqWiX8+0gKnCDbm/DpIYpMsWx90g2I5c5/SfgUojjt3P4GidRauJrPc5OY2aoeLrWw==",
      "engines": {
        "node": ">=0.10.3"
      },
      "funding": {
        "type": "opencollective",
        "url": "https://opencollective.com/ramda-adjunct"
      },
      "peerDependencies": {
        "ramda": ">= 0.28.0 <= 0.28.0"
      }
    }
  },
  "dependencies": {
    "ramda": {
      "version": "0.28.0",
      "resolved": "https://registry.npmjs.org/ramda/-/ramda-0.28.0.tgz",
      "integrity": "sha512-9QnLuG/kPVgWvMQ4aODhsBUFKOUmnbUnsSXACv+NCQZcHbeb+v8Lodp8OVxtRULN1/xOyYLLaL6npE6dMq5QTA=="
    },
    "ramda-adjunct": {
      "version": "3.2.0",
      "resolved": "https://registry.npmjs.org/ramda-adjunct/-/ramda-adjunct-3.2.0.tgz",
      "integrity": "sha512-lfpDz3VX5vS5YE1pgLYHOqWiX8+0gKnCDbm/DpIYpMsWx90g2I5c5/SfgUojjt3P4GidRauJrPc5OY2aoeLrWw==",
      "requires": {}
    }
  }
}
